
Microsoft Visual Studio Solution File, Format Version 12.00
# Visual Studio 15
VisualStudioVersion = 15.0.28307.271
MinimumVisualStudioVersion = 10.0.40219.1
Project("{FAE04EC0-301F-11D3-BF4B-00C04F79EFBC}") = "FABSample.Android", "FABSample\FABSample.Android\FABSample.Android.csproj", "{C555167A-01B4-42AA-B55F-1BF86F17B4D0}"
EndProject
Project("{FAE04EC0-301F-11D3-BF4B-00C04F79EFBC}") = "FABSample", "FABSample\FABSample\FABSample.csproj", "{C9E50DC8-9180-4783-A07C-2E6608668808}"
EndProject
Project("{FAE04EC0-301F-11D3-BF4B-00C04F79EFBC}") = "FABSample.iOS", "FABSample\FABSample.iOS\FABSample.iOS.csproj", "{CC413672-978B-431F-8E5E-E5A966709C1F}"
EndProject
Global
	GlobalSection(SolutionConfigurationPlatforms) = preSolution
		Ad-Hoc|Any CPU = Ad-Hoc|Any CPU
		Ad-Hoc|ARM = Ad-Hoc|ARM
		Ad-Hoc|iPhone = Ad-Hoc|iPhone
		Ad-Hoc|iPhoneSimulator = Ad-Hoc|iPhoneSimulator
		Ad-Hoc|x64 = Ad-Hoc|x64
		Ad-Hoc|x86 = Ad-Hoc|x86
		AppStore|Any CPU = AppStore|Any CPU
		AppStore|ARM = AppStore|ARM
		AppStore|iPhone = AppStore|iPhone
		AppStore|iPhoneSimulator = AppStore|iPhoneSimulator
		AppStore|x64 = AppStore|x64
		AppStore|x86 = AppStore|x86
		Debug|Any CPU = Debug|Any CPU
		Debug|ARM = Debug|ARM
		Debug|iPhone = Debug|iPhone
		Debug|iPhoneSimulator = Debug|iPhoneSimulator
		Debug|x64 = Debug|x64
		Debug|x86 = Debug|x86
		Release|Any CPU = Release|Any CPU
		Release|ARM = Release|ARM
		Release|iPhone = Release|iPhone
		Release|iPhoneSimulator = Release|iPhoneSimulator
		Release|x64 = Release|x64
		Release|x86 = Release|x86
	EndGlobalSection
	GlobalSection(ProjectConfigurationPlatforms) = postSolution
		{C555167A-01B4-42AA-B55F-1BF86F17B4D0}.Ad-Hoc|Any CPU.ActiveCfg = Release|Any CPU
		{C555167A-01B4-42AA-B55F-1BF86F17B4D0}.Ad-Hoc|Any CPU.Build.0 = Release|Any CPU
		{C555167A-01B4-42AA-B55F-1BF86F17B4D0}.Ad-Hoc|Any CPU.Deploy.0 = Release|Any CPU
		{C555167A-01B4-42AA-B55F-1BF86F17B4D0}.Ad-Hoc|ARM.ActiveCfg = Release|Any CPU
		{C555167A-01B4-42AA-B55F-1BF86F17B4D0}.Ad-Hoc|ARM.Build.0 = Release|Any CPU
		{C555167A-01B4-42AA-B55F-1BF86F17B4D0}.Ad-Hoc|ARM.Deploy.0 = Release|Any CPU
		{C555167A-01B4-42AA-B55F-1BF86F17B4D0}.Ad-Hoc|iPhone.ActiveCfg = Release|Any CPU
		{C555167A-01B4-42AA-B55F-1BF86F17B4D0}.Ad-Hoc|iPhone.Build.0 = Release|Any CPU
		{C555167A-01B4-42AA-B55F-1BF86F17B4D0}.Ad-Hoc|iPhone.Deploy.0 = Release|Any CPU
		{C555167A-01B4-42AA-B55F-1BF86F17B4D0}.Ad-Hoc|iPhoneSimulator.ActiveCfg = Release|Any CPU
		{C555167A-01B4-42AA-B55F-1BF86F17B4D0}.Ad-Hoc|iPhoneSimulator.Build.0 = Release|Any CPU
		{C555167A-01B4-42AA-B55F-1BF86F17B4D0}.Ad-Hoc|iPhoneSimulator.Deploy.0 = Release|Any CPU
		{C555167A-01B4-42AA-B55F-1BF86F17B4D0}.Ad-Hoc|x64.ActiveCfg = Release|Any CPU
		{C555167A-01B4-42AA-B55F-1BF86F17B4D0}.Ad-Hoc|x64.Build.0 = Release|Any CPU
		{C555167A-01B4-42AA-B55F-1BF86F17B4D0}.Ad-Hoc|x64.Deploy.0 = Release|Any CPU
		{C555167A-01B4-42AA-B55F-1BF86F17B4D0}.Ad-Hoc|x86.ActiveCfg = Release|Any CPU
		{C555167A-01B4-42AA-B55F-1BF86F17B4D0}.Ad-Hoc|x86.Build.0 = Release|Any CPU
		{C555167A-01B4-42AA-B55F-1BF86F17B4D0}.Ad-Hoc|x86.Deploy.0 = Release|Any CPU
		{C555167A-01B4-42AA-B55F-1BF86F17B4D0}.AppStore|Any CPU.ActiveCfg = Release|Any CPU
		{C555167A-01B4-42AA-B55F-1BF86F17B4D0}.AppStore|Any CPU.Build.0 = Release|Any CPU
		{C555167A-01B4-42AA-B55F-1BF86F17B4D0}.AppStore|Any CPU.Deploy.0 = Release|Any CPU
		{C555167A-01B4-42AA-B55F-1BF86F17B4D0}.AppStore|ARM.ActiveCfg = Release|Any CPU
		{C555167A-01B4-42AA-B55F-1BF86F17B4D0}.AppStore|ARM.Build.0 = Release|Any CPU
		{C555167A-01B4-42AA-B55F-1BF86F17B4D0}.AppStore|ARM.Deploy.0 = Release|Any CPU
		{C555167A-01B4-42AA-B55F-1BF86F17B4D0}.AppStore|iPhone.ActiveCfg = Release|Any CPU
		{C555167A-01B4-42AA-B55F-1BF86F17B4D0}.AppStore|iPhone.Build.0 = Release|Any CPU
		{C555167A-01B4-42AA-B55F-1BF86F17B4D0}.AppStore|iPhone.Deploy.0 = Release|Any CPU
		{C555167A-01B4-42AA-B55F-1BF86F17B4D0}.AppStore|iPhoneSimulator.ActiveCfg = Release|Any CPU
		{C555167A-01B4-42AA-B55F-1BF86F17B4D0}.AppStore|iPhoneSimulator.Build.0 = Release|Any CPU
		{C555167A-01B4-42AA-B55F-1BF86F17B4D0}.AppStore|iPhoneSimulator.Deploy.0 = Release|Any CPU
		{C555167A-01B4-42AA-B55F-1BF86F17B4D0}.AppStore|x64.ActiveCfg = Release|Any CPU
		{C555167A-01B4-42AA-B55F-1BF86F17B4D0}.AppStore|x64.Build.0 = Release|Any CPU
		{C555167A-01B4-42AA-B55F-1BF86F17B4D0}.AppStore|x64.Deploy.0 = Release|Any CPU
		{C555167A-01B4-42AA-B55F-1BF86F17B4D0}.AppStore|x86.ActiveCfg = Release|Any CPU
		{C555167A-01B4-42AA-B55F-1BF86F17B4D0}.AppStore|x86.Build.0 = Release|Any CPU
		{C555167A-01B4-42AA-B55F-1BF86F17B4D0}.AppStore|x86.Deploy.0 = Release|Any CPU
		{C555167A-01B4-42AA-B55F-1BF86F17B4D0}.Debug|Any CPU.ActiveCfg = Debug|Any CPU
		{C555167A-01B4-42AA-B55F-1BF86F17B4D0}.Debug|Any CPU.Build.0 = Debug|Any CPU
		{C555167A-01B4-42AA-B55F-1BF86F17B4D0}.Debug|Any CPU.Deploy.0 = Debug|Any CPU
		{C555167A-01B4-42AA-B55F-1BF86F17B4D0}.Debug|ARM.ActiveCfg = Debug|Any CPU
		{C555167A-01B4-42AA-B55F-1BF86F17B4D0}.Debug|ARM.Build.0 = Debug|Any CPU
		{C555167A-01B4-42AA-B55F-1BF86F17B4D0}.Debug|ARM.Deploy.0 = Debug|Any CPU
		{C555167A-01B4-42AA-B55F-1BF86F17B4D0}.Debug|iPhone.ActiveCfg = Debug|Any CPU
		{C555167A-01B4-42AA-B55F-1BF86F17B4D0}.Debug|iPhone.Build.0 = Debug|Any CPU
		{C555167A-01B4-42AA-B55F-1BF86F17B4D0}.Debug|iPhone.Deploy.0 = Debug|Any CPU
		{C555167A-01B4-42AA-B55F-1BF86F17B4D0}.Debug|iPhoneSimulator.ActiveCfg = Debug|Any CPU
		{C555167A-01B4-42AA-B55F-1BF86F17B4D0}.Debug|iPhoneSimulator.Build.0 = Debug|Any CPU
		{C555167A-01B4-42AA-B55F-1BF86F17B4D0}.Debug|iPhoneSimulator.Deploy.0 = Debug|Any CPU
		{C555167A-01B4-42AA-B55F-1BF86F17B4D0}.Debug|x64.ActiveCfg = Debug|Any CPU
		{C555167A-01B4-42AA-B55F-1BF86F17B4D0}.Debug|x64.Build.0 = Debug|Any CPU
		{C555167A-01B4-42AA-B55F-1BF86F17B4D0}.Debug|x64.Deploy.0 = Debug|Any CPU
		{C555167A-01B4-42AA-B55F-1BF86F17B4D0}.Debug|x86.ActiveCfg = Debug|Any CPU
		{C555167A-01B4-42AA-B55F-1BF86F17B4D0}.Debug|x86.Build.0 = Debug|Any CPU
		{C555167A-01B4-42AA-B55F-1BF86F17B4D0}.Debug|x86.Deploy.0 = Debug|Any CPU
		{C555167A-01B4-42AA-B55F-1BF86F17B4D0}.Release|Any CPU.ActiveCfg = Release|Any CPU
		{C555167A-01B4-42AA-B55F-1BF86F17B4D0}.Release|Any CPU.Build.0 = Release|Any CPU
		{C555167A-01B4-42AA-B55F-1BF86F17B4D0}.Release|Any CPU.Deploy.0 = Release|Any CPU
		{C555167A-01B4-42AA-B55F-1BF86F17B4D0}.Release|ARM.ActiveCfg = Release|Any CPU
		{C555167A-01B4-42AA-B55F-1BF86F17B4D0}.Release|ARM.Build.0 = Release|Any CPU
		{C555167A-01B4-42AA-B55F-1BF86F17B4D0}.Release|ARM.Deploy.0 = Release|Any CPU
		{C555167A-01B4-42AA-B55F-1BF86F17B4D0}.Release|iPhone.ActiveCfg = Release|Any CPU
		{C555167A-01B4-42AA-B55F-1BF86F17B4D0}.Release|iPhone.Build.0 = Release|Any CPU
		{C555167A-01B4-42AA-B55F-1BF86F17B4D0}.Release|iPhone.Deploy.0 = Release|Any CPU
		{C555167A-01B4-42AA-B55F-1BF86F17B4D0}.Release|iPhoneSimulator.ActiveCfg = Release|Any CPU
		{C555167A-01B4-42AA-B55F-1BF86F17B4D0}.Release|iPhoneSimulator.Build.0 = Release|Any CPU
		{C555167A-01B4-42AA-B55F-1BF86F17B4D0}.Release|iPhoneSimulator.Deploy.0 = Release|Any CPU
		{C555167A-01B4-42AA-B55F-1BF86F17B4D0}.Release|x64.ActiveCfg = Release|Any CPU
		{C555167A-01B4-42AA-B55F-1BF86F17B4D0}.Release|x64.Build.0 = Release|Any CPU
		{C555167A-01B4-42AA-B55F-1BF86F17B4D0}.Release|x64.Deploy.0 = Release|Any CPU
		{C555167A-01B4-42AA-B55F-1BF86F17B4D0}.Release|x86.ActiveCfg = Release|Any CPU
		{C555167A-01B4-42AA-B55F-1BF86F17B4D0}.Release|x86.Build.0 = Release|Any CPU
		{C555167A-01B4-42AA-B55F-1BF86F17B4D0}.Release|x86.Deploy.0 = Release|Any CPU
		{C9E50DC8-9180-4783-A07C-2E6608668808}.Ad-Hoc|Any CPU.ActiveCfg = Release|Any CPU
		{C9E50DC8-9180-4783-A07C-2E6608668808}.Ad-Hoc|Any CPU.Build.0 = Release|Any CPU
		{C9E50DC8-9180-4783-A07C-2E6608668808}.Ad-Hoc|ARM.ActiveCfg = Release|Any CPU
		{C9E50DC8-9180-4783-A07C-2E6608668808}.Ad-Hoc|ARM.Build.0 = Release|Any CPU
		{C9E50DC8-9180-4783-A07C-2E6608668808}.Ad-Hoc|iPhone.ActiveCfg = Release|Any CPU
		{C9E50DC8-9180-4783-A07C-2E6608668808}.Ad-Hoc|iPhone.Build.0 = Release|Any CPU
		{C9E50DC8-9180-4783-A07C-2E6608668808}.Ad-Hoc|iPhoneSimulator.ActiveCfg = Release|Any CPU
		{C9E50DC8-9180-4783-A07C-2E6608668808}.Ad-Hoc|iPhoneSimulator.Build.0 = Release|Any CPU
		{C9E50DC8-9180-4783-A07C-2E6608668808}.Ad-Hoc|x64.ActiveCfg = Release|Any CPU
		{C9E50DC8-9180-4783-A07C-2E6608668808}.Ad-Hoc|x64.Build.0 = Release|Any CPU
		{C9E50DC8-9180-4783-A07C-2E6608668808}.Ad-Hoc|x86.ActiveCfg = Release|Any CPU
		{C9E50DC8-9180-4783-A07C-2E6608668808}.Ad-Hoc|x86.Build.0 = Release|Any CPU
		{C9E50DC8-9180-4783-A07C-2E6608668808}.AppStore|Any CPU.ActiveCfg = Release|Any CPU
		{C9E50DC8-9180-4783-A07C-2E6608668808}.AppStore|Any CPU.Build.0 = Release|Any CPU
		{C9E50DC8-9180-4783-A07C-2E6608668808}.AppStore|ARM.ActiveCfg = Release|Any CPU
		{C9E50DC8-9180-4783-A07C-2E6608668808}.AppStore|ARM.Build.0 = Release|Any CPU
		{C9E50DC8-9180-4783-A07C-2E6608668808}.AppStore|iPhone.ActiveCfg = Release|Any CPU
		{C9E50DC8-9180-4783-A07C-2E6608668808}.AppStore|iPhone.Build.0 = Release|Any CPU
		{C9E50DC8-9180-4783-A07C-2E6608668808}.AppStore|iPhoneSimulator.ActiveCfg = Release|Any CPU
		{C9E50DC8-9180-4783-A07C-2E6608668808}.AppStore|iPhoneSimulator.Build.0 = Release|Any CPU
		{C9E50DC8-9180-4783-A07C-2E6608668808}.AppStore|x64.ActiveCfg = Release|Any CPU
		{C9E50DC8-9180-4783-A07C-2E6608668808}.AppStore|x64.Build.0 = Release|Any CPU
		{C9E50DC8-9180-4783-A07C-2E6608668808}.AppStore|x86.ActiveCfg = Release|Any CPU
		{C9E50DC8-9180-4783-A07C-2E6608668808}.AppStore|x86.Build.0 = Release|Any CPU
		{C9E50DC8-9180-4783-A07C-2E6608668808}.Debug|Any CPU.ActiveCfg = Debug|Any CPU
		{C9E50DC8-9180-4783-A07C-2E6608668808}.Debug|Any CPU.Build.0 = Debug|Any CPU
		{C9E50DC8-9180-4783-A07C-2E6608668808}.Debug|ARM.ActiveCfg = Debug|Any CPU
		{C9E50DC8-9180-4783-A07C-2E6608668808}.Debug|ARM.Build.0 = Debug|Any CPU
		{C9E50DC8-9180-4783-A07C-2E6608668808}.Debug|iPhone.ActiveCfg = Debug|Any CPU
		{C9E50DC8-9180-4783-A07C-2E6608668808}.Debug|iPhone.Build.0 = Debug|Any CPU
		{C9E50DC8-9180-4783-A07C-2E6608668808}.Debug|iPhoneSimulator.ActiveCfg = Debug|Any CPU
		{C9E50DC8-9180-4783-A07C-2E6608668808}.Debug|iPhoneSimulator.Build.0 = Debug|Any CPU
		{C9E50DC8-9180-4783-A07C-2E6608668808}.Debug|x64.ActiveCfg = Debug|Any CPU
		{C9E50DC8-9180-4783-A07C-2E6608668808}.Debug|x64.Build.0 = Debug|Any CPU
		{C9E50DC8-9180-4783-A07C-2E6608668808}.Debug|x86.ActiveCfg = Debug|Any CPU
		{C9E50DC8-9180-4783-A07C-2E6608668808}.Debug|x86.Build.0 = Debug|Any CPU
		{C9E50DC8-9180-4783-A07C-2E6608668808}.Release|Any CPU.ActiveCfg = Release|Any CPU
		{C9E50DC8-9180-4783-A07C-2E6608668808}.Release|Any CPU.Build.0 = Release|Any CPU
		{C9E50DC8-9180-4783-A07C-2E6608668808}.Release|ARM.ActiveCfg = Release|Any CPU
		{C9E50DC8-9180-4783-A07C-2E6608668808}.Release|ARM.Build.0 = Release|Any CPU
		{C9E50DC8-9180-4783-A07C-2E6608668808}.Release|iPhone.ActiveCfg = Release|Any CPU
		{C9E50DC8-9180-4783-A07C-2E6608668808}.Release|iPhone.Build.0 = Release|Any CPU
		{C9E50DC8-9180-4783-A07C-2E6608668808}.Release|iPhoneSimulator.ActiveCfg = Release|Any CPU
		{C9E50DC8-9180-4783-A07C-2E6608668808}.Release|iPhoneSimulator.Build.0 = Release|Any CPU
		{C9E50DC8-9180-4783-A07C-2E6608668808}.Release|x64.ActiveCfg = Release|Any CPU
		{C9E50DC8-9180-4783-A07C-2E6608668808}.Release|x64.Build.0 = Release|Any CPU
		{C9E50DC8-9180-4783-A07C-2E6608668808}.Release|x86.ActiveCfg = Release|Any CPU
		{C9E50DC8-9180-4783-A07C-2E6608668808}.Release|x86.Build.0 = Release|Any CPU
		{CC413672-978B-431F-8E5E-E5A966709C1F}.Ad-Hoc|Any CPU.ActiveCfg = Ad-Hoc|iPhone
		{CC413672-978B-431F-8E5E-E5A966709C1F}.Ad-Hoc|ARM.ActiveCfg = Ad-Hoc|iPhone
		{CC413672-978B-431F-8E5E-E5A966709C1F}.Ad-Hoc|iPhone.ActiveCfg = Ad-Hoc|iPhone
		{CC413672-978B-431F-8E5E-E5A966709C1F}.Ad-Hoc|iPhone.Build.0 = Ad-Hoc|iPhone
		{CC413672-978B-431F-8E5E-E5A966709C1F}.Ad-Hoc|iPhoneSimulator.ActiveCfg = Ad-Hoc|iPhoneSimulator
		{CC413672-978B-431F-8E5E-E5A966709C1F}.Ad-Hoc|iPhoneSimulator.Build.0 = Ad-Hoc|iPhoneSimulator
		{CC413672-978B-431F-8E5E-E5A966709C1F}.Ad-Hoc|x64.ActiveCfg = Ad-Hoc|iPhone
		{CC413672-978B-431F-8E5E-E5A966709C1F}.Ad-Hoc|x86.ActiveCfg = Ad-Hoc|iPhone
		{CC413672-978B-431F-8E5E-E5A966709C1F}.AppStore|Any CPU.ActiveCfg = AppStore|iPhone
		{CC413672-978B-431F-8E5E-E5A966709C1F}.AppStore|ARM.ActiveCfg = AppStore|iPhone
		{CC413672-978B-431F-8E5E-E5A966709C1F}.AppStore|iPhone.ActiveCfg = AppStore|iPhone
		{CC413672-978B-431F-8E5E-E5A966709C1F}.AppStore|iPhone.Build.0 = AppStore|iPhone
		{CC413672-978B-431F-8E5E-E5A966709C1F}.AppStore|iPhoneSimulator.ActiveCfg = AppStore|iPhoneSimulator
		{CC413672-978B-431F-8E5E-E5A966709C1F}.AppStore|iPhoneSimulator.Build.0 = AppStore|iPhoneSimulator
		{CC413672-978B-431F-8E5E-E5A966709C1F}.AppStore|x64.ActiveCfg = AppStore|iPhone
		{CC413672-978B-431F-8E5E-E5A966709C1F}.AppStore|x86.ActiveCfg = AppStore|iPhone
		{CC413672-978B-431F-8E5E-E5A966709C1F}.Debug|Any CPU.ActiveCfg = Debug|iPhone
		{CC413672-978B-431F-8E5E-E5A966709C1F}.Debug|ARM.ActiveCfg = Debug|iPhone
		{CC413672-978B-431F-8E5E-E5A966709C1F}.Debug|iPhone.ActiveCfg = Debug|iPhone
		{CC413672-978B-431F-8E5E-E5A966709C1F}.Debug|iPhone.Build.0 = Debug|iPhone
		{CC413672-978B-431F-8E5E-E5A966709C1F}.Debug|iPhoneSimulator.ActiveCfg = Debug|iPhoneSimulator
		{CC413672-978B-431F-8E5E-E5A966709C1F}.Debug|iPhoneSimulator.Build.0 = Debug|iPhoneSimulator
		{CC413672-978B-431F-8E5E-E5A966709C1F}.Debug|x64.ActiveCfg = Debug|iPhone
		{CC413672-978B-431F-8E5E-E5A966709C1F}.Debug|x86.ActiveCfg = Debug|iPhone
		{CC413672-978B-431F-8E5E-E5A966709C1F}.Release|Any CPU.ActiveCfg = Release|iPhone
		{CC413672-978B-431F-8E5E-E5A966709C1F}.Release|ARM.ActiveCfg = Release|iPhone
		{CC413672-978B-431F-8E5E-E5A966709C1F}.Release|iPhone.ActiveCfg = Release|iPhone
		{CC413672-978B-431F-8E5E-E5A966709C1F}.Release|iPhone.Build.0 = Release|iPhone
		{CC413672-978B-431F-8E5E-E5A966709C1F}.Release|iPhoneSimulator.ActiveCfg = Release|iPhoneSimulator
		{CC413672-978B-431F-8E5E-E5A966709C1F}.Release|iPhoneSimulator.Build.0 = Release|iPhoneSimulator
		{CC413672-978B-431F-8E5E-E5A966709C1F}.Release|x64.ActiveCfg = Release|iPhone
		{CC413672-978B-431F-8E5E-E5A966709C1F}.Release|x86.ActiveCfg = Release|iPhone
	EndGlobalSection
	GlobalSection(SolutionProperties) = preSolution
		HideSolutionNode = FALSE
	EndGlobalSection
	GlobalSection(ExtensibilityGlobals) = postSolution
		SolutionGuid = {A31ED2C6-4A78-45FC-B9BB-046EB015D311}
	EndGlobalSection
EndGlobal
